# Generated by conda-lock.
# platform: linux-64
# input_hash: 921fdabdc4d66dc731cd081abafadf928a6562901db1a5a89dc3173a68ad8160
@EXPLICIT
https://conda.anaconda.org/conda-forge/linux-64/_libgcc_mutex-0.1-conda_forge.tar.bz2#d7c89558ba9fa0495403155b64376d81
https://conda.anaconda.org/conda-forge/linux-64/ca-certificates-2021.10.8-ha878542_0.tar.bz2#575611b8a84f45960e87722eeb51fa26
https://conda.anaconda.org/conda-forge/noarch/font-ttf-dejavu-sans-mono-2.37-hab24e00_0.tar.bz2#0c96522c6bdaed4b1566d11387caaf45
https://conda.anaconda.org/conda-forge/noarch/font-ttf-inconsolata-3.000-h77eed37_0.tar.bz2#34893075a5c9e55cdafac56607368fc6
https://conda.anaconda.org/conda-forge/noarch/font-ttf-source-code-pro-2.038-h77eed37_0.tar.bz2#4d59c254e01d9cde7957100457e2d5fb
https://conda.anaconda.org/conda-forge/noarch/font-ttf-ubuntu-0.83-hab24e00_0.tar.bz2#19410c3df09dfb12d1206132a1d357c5
https://conda.anaconda.org/conda-forge/linux-64/ld_impl_linux-64-2.36.1-hea4e1c9_2.tar.bz2#bd4f2e711b39af170e7ff15163fe87ee
https://conda.anaconda.org/conda-forge/linux-64/libgfortran5-11.2.0-h5c6108e_13.tar.bz2#b62e87134ec17e1180cfcb3951624db4
https://conda.anaconda.org/conda-forge/linux-64/libstdcxx-ng-11.2.0-he4da1e4_13.tar.bz2#573a74710fad22a27da784cc238150b9
https://conda.anaconda.org/conda-forge/linux-64/pandoc-2.17.1.1-ha770c72_0.tar.bz2#316431b0b4e25f384cfd3428a1a5dd8c
https://conda.anaconda.org/conda-forge/noarch/poppler-data-0.4.11-hd8ed1ab_0.tar.bz2#abc27381c4f005da588cffa1f76403ee
https://conda.anaconda.org/conda-forge/noarch/tzdata-2021e-he74cb21_0.tar.bz2#a751ec502589ebdc2eceb183ff602569
https://conda.anaconda.org/conda-forge/noarch/fonts-conda-forge-1-0.tar.bz2#f766549260d6815b0c52253f1fb1bb29
https://conda.anaconda.org/conda-forge/linux-64/libgfortran-ng-11.2.0-h69a702a_13.tar.bz2#a3a07a89af69d1eada078695b42e4961
https://conda.anaconda.org/conda-forge/linux-64/libgomp-11.2.0-h1d223b6_13.tar.bz2#8e91f1f21417c9ab1265240ee4f9db1e
https://conda.anaconda.org/conda-forge/linux-64/_openmp_mutex-4.5-1_gnu.tar.bz2#561e277319a41d4f24f5c05a9ef63c04
https://conda.anaconda.org/conda-forge/noarch/fonts-conda-ecosystem-1-0.tar.bz2#fee5683a3f04bd15cbd8318b096a27ab
https://conda.anaconda.org/conda-forge/linux-64/libgcc-ng-11.2.0-h1d223b6_13.tar.bz2#63eaf0f146cc80abd84743d48d667da4
https://conda.anaconda.org/conda-forge/linux-64/abseil-cpp-20210324.2-h9c3ff4c_0.tar.bz2#baa652d7d0da41d757a31d00b4ae2c38
https://conda.anaconda.org/conda-forge/linux-64/aom-3.3.0-h27087fc_1.tar.bz2#fe863d1e92331e69c8f231df5eaf5e16
https://conda.anaconda.org/conda-forge/linux-64/aws-c-common-0.6.2-h7f98852_0.tar.bz2#ce69a062b3080485b760378841240634
https://conda.anaconda.org/conda-forge/linux-64/blosc-1.21.0-h9c3ff4c_0.tar.bz2#5e815e5126c6f7e34ab4496fa1b48dca
https://conda.anaconda.org/conda-forge/linux-64/bzip2-1.0.8-h7f98852_4.tar.bz2#a1fd65c7ccbf10880423d82bca54eb54
https://conda.anaconda.org/conda-forge/linux-64/c-ares-1.18.1-h7f98852_0.tar.bz2#f26ef8098fab1f719c91eb760d63381a
https://conda.anaconda.org/conda-forge/linux-64/charls-2.3.4-h9c3ff4c_0.tar.bz2#c3f85a96a52befc5e41cab1145c8d3c2
https://conda.anaconda.org/conda-forge/linux-64/expat-2.4.7-h27087fc_0.tar.bz2#b7fcfe2c2e21e5b696a98d774ac3f701
https://conda.anaconda.org/conda-forge/linux-64/freexl-1.0.6-h7f98852_0.tar.bz2#fb707484f02b122edec5fe3d1f3f552f
https://conda.anaconda.org/conda-forge/linux-64/geos-3.10.1-h9c3ff4c_1.tar.bz2#17a5f413039ce1e105fab5df9c668eb5
https://conda.anaconda.org/conda-forge/linux-64/gflags-2.2.2-he1b5a44_1004.tar.bz2#cddaf2c63ea4a5901cf09524c490ecdc
https://conda.anaconda.org/conda-forge/linux-64/giflib-5.2.1-h36c2ea0_2.tar.bz2#626e68ae9cc5912d6adb79d318cf962d
https://conda.anaconda.org/conda-forge/linux-64/icu-69.1-h9c3ff4c_0.tar.bz2#e0773c9556d588b062a4e1424a6a02fa
https://conda.anaconda.org/conda-forge/linux-64/jbig-2.1-h7f98852_2003.tar.bz2#1aa0cee79792fa97b7ff4545110b60bf
https://conda.anaconda.org/conda-forge/linux-64/jpeg-9e-h7f98852_0.tar.bz2#5c214edc675a7fb7cbb34b1d854e5141
https://conda.anaconda.org/conda-forge/linux-64/json-c-0.15-h98cffda_0.tar.bz2#f32d45a88e7462be446824654dbcf4a4
https://conda.anaconda.org/conda-forge/linux-64/jxrlib-1.1-h7f98852_2.tar.bz2#8e787b08fe19986d99d034b839df2961
https://conda.anaconda.org/conda-forge/linux-64/keyutils-1.6.1-h166bdaf_0.tar.bz2#30186d27e2c9fa62b45fb1476b7200e3
https://conda.anaconda.org/conda-forge/linux-64/lerc-3.0-h9c3ff4c_0.tar.bz2#7fcefde484980d23f0ec24c11e314d2e
https://conda.anaconda.org/conda-forge/linux-64/libaec-1.0.6-h9c3ff4c_0.tar.bz2#c77f5e4e418fa47d699d6afa54c5d444
https://conda.anaconda.org/conda-forge/linux-64/libbrotlicommon-1.0.9-h7f98852_6.tar.bz2#b0f44f63f7d771d7670747a1dd5d5ac1
https://conda.anaconda.org/conda-forge/linux-64/libcrc32c-1.1.2-h9c3ff4c_0.tar.bz2#c965a5aa0d5c1c37ffc62dff36e28400
https://conda.anaconda.org/conda-forge/linux-64/libdeflate-1.10-h7f98852_0.tar.bz2#ffa3a757a97e851293909b49f49f28fb
https://conda.anaconda.org/conda-forge/linux-64/libev-4.33-h516909a_1.tar.bz2#6f8720dff19e17ce5d48cfe7f3d2f0a3
https://conda.anaconda.org/conda-forge/linux-64/libffi-3.4.2-h7f98852_5.tar.bz2#d645c6d2ac96843a2bfaccd2d62b3ac3
https://conda.anaconda.org/conda-forge/linux-64/libiconv-1.16-h516909a_0.tar.bz2#5c0f338a513a2943c659ae619fca9211
https://conda.anaconda.org/conda-forge/linux-64/libnsl-2.0.0-h7f98852_0.tar.bz2#39b1328babf85c7c3a61636d9cd50206
https://conda.anaconda.org/conda-forge/linux-64/libopenblas-0.3.18-pthreads_h8fe5266_0.tar.bz2#41532e4448c0cce086d6570f95e4e12e
https://conda.anaconda.org/conda-forge/linux-64/libsodium-1.0.18-h36c2ea0_1.tar.bz2#c3788462a6fbddafdb413a9f9053e58d
https://conda.anaconda.org/conda-forge/linux-64/libspatialindex-1.9.3-h9c3ff4c_4.tar.bz2#d87fbe9c0ff589e802ff13872980bfd9
https://conda.anaconda.org/conda-forge/linux-64/libutf8proc-2.7.0-h7f98852_0.tar.bz2#913570ed14b42cf48ccbba364af20302
https://conda.anaconda.org/conda-forge/linux-64/libuuid-2.32.1-h7f98852_1000.tar.bz2#772d69f030955d9646d3d0eaf21d859d
https://conda.anaconda.org/conda-forge/linux-64/libwebp-base-1.2.2-h7f98852_1.tar.bz2#46cf26ecc8775a0aab300ea1821aaa3c
https://conda.anaconda.org/conda-forge/linux-64/libzlib-1.2.11-h36c2ea0_1013.tar.bz2#dcddf696ff5dfcab567100d691678e18
https://conda.anaconda.org/conda-forge/linux-64/libzopfli-1.0.3-h9c3ff4c_0.tar.bz2#c66fe2d123249af7651ebde8984c51c2
https://conda.anaconda.org/conda-forge/linux-64/lz4-c-1.9.3-h9c3ff4c_1.tar.bz2#fbe97e8fa6f275d7c76a09e795adc3e6
https://conda.anaconda.org/conda-forge/linux-64/ncurses-6.3-h9c3ff4c_0.tar.bz2#fb31bcb7af058244479ca635d20f0f4a
https://conda.anaconda.org/conda-forge/linux-64/nspr-4.32-h9c3ff4c_1.tar.bz2#29ded371806431b0499aaee146abfc3e
https://conda.anaconda.org/conda-forge/linux-64/openssl-1.1.1l-h7f98852_0.tar.bz2#de7b38a1542dbe6f41653a8ae71adc53
https://conda.anaconda.org/conda-forge/linux-64/pcre-8.45-h9c3ff4c_0.tar.bz2#c05d1820a6d34ff07aaaab7a9b7eddaa
https://conda.anaconda.org/conda-forge/linux-64/pixman-0.40.0-h36c2ea0_0.tar.bz2#660e72c82f2e75a6b3fe6a6e75c79f19
https://conda.anaconda.org/conda-forge/linux-64/pthread-stubs-0.4-h36c2ea0_1001.tar.bz2#22dad4df6e8630e8dff2428f6f6a7036
https://conda.anaconda.org/conda-forge/linux-64/re2-2022.02.01-h9c3ff4c_0.tar.bz2#faed0a1cb9c95ed71cb15b9de1bf3afa
https://conda.anaconda.org/conda-forge/linux-64/snappy-1.1.8-he1b5a44_3.tar.bz2#83f1dc295c711bdbaf97e1f3bedf2f52
https://conda.anaconda.org/conda-forge/linux-64/tzcode-2021e-h7f98852_0.tar.bz2#68f160505f506e8a688d3450dc3f437c
https://conda.anaconda.org/conda-forge/linux-64/xorg-kbproto-1.0.7-h7f98852_1002.tar.bz2#4b230e8381279d76131116660f5a241a
https://conda.anaconda.org/conda-forge/linux-64/xorg-libice-1.0.10-h7f98852_0.tar.bz2#d6b0b50b49eccfe0be0373be628be0f3
https://conda.anaconda.org/conda-forge/linux-64/xorg-libxau-1.0.9-h7f98852_0.tar.bz2#bf6f803a544f26ebbdc3bfff272eb179
https://conda.anaconda.org/conda-forge/linux-64/xorg-libxdmcp-1.1.3-h7f98852_0.tar.bz2#be93aabceefa2fac576e971aef407908
https://conda.anaconda.org/conda-forge/linux-64/xorg-renderproto-0.11.1-h7f98852_1002.tar.bz2#06feff3d2634e3097ce2fe681474b534
https://conda.anaconda.org/conda-forge/linux-64/xorg-xextproto-7.3.0-h7f98852_1002.tar.bz2#1e15f6ad85a7d743a2ac68dae6c82b98
https://conda.anaconda.org/conda-forge/linux-64/xorg-xproto-7.0.31-h7f98852_1007.tar.bz2#b4a4381d54784606820704f7b5f05a15
https://conda.anaconda.org/conda-forge/linux-64/xz-5.2.5-h516909a_1.tar.bz2#33f601066901f3e1a85af3522a8113f9
https://conda.anaconda.org/conda-forge/linux-64/yaml-0.2.5-h7f98852_2.tar.bz2#4cb3ad778ec2d5a7acbdf254eb1c42ae
https://conda.anaconda.org/conda-forge/linux-64/zfp-0.5.5-h9c3ff4c_8.tar.bz2#f12900b1e1e0527c0e9a4e922a5de2bf
https://conda.anaconda.org/conda-forge/linux-64/aws-c-cal-0.5.11-h95a6274_0.tar.bz2#d4e7b241fb22dd3d7be1171f813d5da3
https://conda.anaconda.org/conda-forge/linux-64/aws-checksums-0.1.11-ha31a3da_7.tar.bz2#2fdb96aaab883abc0766ff76c0a34483
https://conda.anaconda.org/conda-forge/linux-64/gettext-0.19.8.1-h73d1719_1008.tar.bz2#af49250eca8e139378f8ff0ae9e57251
https://conda.anaconda.org/conda-forge/linux-64/glog-0.5.0-h48cff8f_0.tar.bz2#a574d6262c2f18ed60a686e1014a6700
https://conda.anaconda.org/conda-forge/linux-64/libavif-0.9.3-h166bdaf_1.tar.bz2#85da23391fcf2196c923b29b375c1e63
https://conda.anaconda.org/conda-forge/linux-64/libblas-3.9.0-13_linux64_openblas.tar.bz2#8a4038563ed92dfa622bd72c0d8f31d3
https://conda.anaconda.org/conda-forge/linux-64/libbrotlidec-1.0.9-h7f98852_6.tar.bz2#c7c03a2592cac92246a13a0732bd1573
https://conda.anaconda.org/conda-forge/linux-64/libbrotlienc-1.0.9-h7f98852_6.tar.bz2#28bfe0a70154e6881da7bae97517c948
https://conda.anaconda.org/conda-forge/linux-64/libedit-3.1.20191231-he28a2e2_2.tar.bz2#4d331e44109e3f0e19b4cb8f9b82f3e1
https://conda.anaconda.org/conda-forge/linux-64/libevent-2.1.10-h9b69904_4.tar.bz2#390026683aef81db27ff1b8570ca1336
https://conda.anaconda.org/conda-forge/linux-64/libllvm11-11.1.0-hf817b99_3.tar.bz2#44c2655e8586f8d6163b238fa10db9be
https://conda.anaconda.org/conda-forge/linux-64/librttopo-1.1.0-h30b5eef_8.tar.bz2#f66c7e0fe5d2e2511bc8e6dfbc24b790
https://conda.anaconda.org/conda-forge/linux-64/libxcb-1.13-h7f98852_1004.tar.bz2#b3653fdc58d03face9724f602218a904
https://conda.anaconda.org/conda-forge/linux-64/perl-5.32.1-2_h7f98852_perl5.tar.bz2#09ba115862623f00962e9809ea248f1a
https://conda.anaconda.org/conda-forge/linux-64/readline-8.1-h46c0cb4_0.tar.bz2#5788de3c8d7a7d64ac56c784c4ef48e6
https://conda.anaconda.org/conda-forge/linux-64/s2n-1.0.10-h9b69904_0.tar.bz2#9708c3ac26c20b4c4549cbe8fef937eb
https://conda.anaconda.org/conda-forge/linux-64/tk-8.6.12-h27826a3_0.tar.bz2#5b8c42eb62e9fc961af70bdd6a26e168
https://conda.anaconda.org/conda-forge/linux-64/xerces-c-3.2.3-h8ce2273_4.tar.bz2#b313f2002c5534313e3b2b74a76a051b
https://conda.anaconda.org/conda-forge/linux-64/xorg-libsm-1.2.3-hd9c2040_1000.tar.bz2#9e856f78d5c80d5a78f61e72d1d473a3
https://conda.anaconda.org/conda-forge/linux-64/zeromq-4.3.4-h9c3ff4c_1.tar.bz2#21743a8d2ea0c8cfbbf8fe489b0347df
https://conda.anaconda.org/conda-forge/linux-64/zlib-1.2.11-h36c2ea0_1013.tar.bz2#cf7190238072a41e9579e4476a6a60b8
https://conda.anaconda.org/conda-forge/linux-64/zstd-1.5.2-ha95c52a_0.tar.bz2#5222b231b1ef49a7f60d40b363469b70
https://conda.anaconda.org/conda-forge/linux-64/aws-c-io-0.10.5-hfb6a706_0.tar.bz2#47d6b88b0c42a8c9877f3993b49f052d
https://conda.anaconda.org/conda-forge/linux-64/boost-cpp-1.74.0-h6cacc03_7.tar.bz2#b7c1f8b1937c8572d7dce988a9df1a64
https://conda.anaconda.org/conda-forge/linux-64/brotli-bin-1.0.9-h7f98852_6.tar.bz2#9e94bf16f14c78a36561d5019f490d22
https://conda.anaconda.org/conda-forge/linux-64/c-blosc2-2.0.4-h5f21a17_1.tar.bz2#5a5c87220eae9668cb281e2a2063e612
https://conda.anaconda.org/conda-forge/linux-64/hdf4-4.2.15-h10796ff_3.tar.bz2#21a8d66dc17f065023b33145c42652fe
https://conda.anaconda.org/conda-forge/linux-64/krb5-1.19.2-h3790be6_4.tar.bz2#dbbd32092ee31aab0f2d213e8f9f1b40
https://conda.anaconda.org/conda-forge/linux-64/libcblas-3.9.0-13_linux64_openblas.tar.bz2#b17676dbd6688396c3a3076259fb7907
https://conda.anaconda.org/conda-forge/linux-64/libglib-2.70.2-h174f98d_4.tar.bz2#d44314ffae96b17657fbf3f8e47b04fc
https://conda.anaconda.org/conda-forge/linux-64/liblapack-3.9.0-13_linux64_openblas.tar.bz2#018b80e8f21d8560ae4961567e3e00c9
https://conda.anaconda.org/conda-forge/linux-64/libnghttp2-1.47.0-h727a467_0.tar.bz2#a22567abfea169ff8048506b1ca9b230
https://conda.anaconda.org/conda-forge/linux-64/libpng-1.6.37-h21135ba_2.tar.bz2#b6acf807307d033d4b7e758b4f44b036
https://conda.anaconda.org/conda-forge/linux-64/libprotobuf-3.19.4-h780b84a_0.tar.bz2#9ff9ab8cc887d4bdebc7c7dba641626f
https://conda.anaconda.org/conda-forge/linux-64/libssh2-1.10.0-ha56f1ee_2.tar.bz2#6ab4eaa11ff01801cffca0a27489dc04
https://conda.anaconda.org/conda-forge/linux-64/libthrift-0.15.0-he6d91bd_1.tar.bz2#97155bdbbd9a42d278981c1f958e06c0
https://conda.anaconda.org/conda-forge/linux-64/libtiff-4.3.0-h542a066_3.tar.bz2#1a0efb4dfd880b0376da8e1ba39fa838
https://conda.anaconda.org/conda-forge/linux-64/libxml2-2.9.12-h885dcf4_1.tar.bz2#d1355eaa48f465782f228275a0a69771
https://conda.anaconda.org/conda-forge/linux-64/libzip-1.8.0-h4de3113_1.tar.bz2#175a746a43d42c053b91aa765fbc197d
https://conda.anaconda.org/conda-forge/linux-64/parallel-20211022-ha770c72_0.tar.bz2#2827d5670ee876735825c2ad0184e633
https://conda.anaconda.org/conda-forge/linux-64/sqlite-3.37.0-h9cd32fc_0.tar.bz2#eb66fc098824d25518a79e83d12a81d6
https://conda.anaconda.org/conda-forge/linux-64/xorg-libx11-1.7.2-h7f98852_0.tar.bz2#12a61e640b8894504326aadafccbb790
https://conda.anaconda.org/conda-forge/linux-64/aws-c-event-stream-0.2.7-h3541f99_13.tar.bz2#39768ba0fe69c241d54703a7f5e3119f
https://conda.anaconda.org/conda-forge/linux-64/brotli-1.0.9-h7f98852_6.tar.bz2#612385c4a83edb0619fe911d9da317f4
https://conda.anaconda.org/conda-forge/linux-64/freetype-2.10.4-h0708190_1.tar.bz2#4a06f2ac2e5bfae7b6b245171c3f07aa
https://conda.anaconda.org/conda-forge/linux-64/grpc-cpp-1.43.2-h9e046d8_1.tar.bz2#d9687ebeaec84b63d1bcbfd079ebe61e
https://conda.anaconda.org/conda-forge/linux-64/lcms2-2.12-hddcbb42_0.tar.bz2#797117394a4aa588de6d741b06fad80f
https://conda.anaconda.org/conda-forge/linux-64/libcurl-7.82.0-h7bff187_0.tar.bz2#fa26f833ca8796ad44f9561c5402013d
https://conda.anaconda.org/conda-forge/linux-64/libkml-1.3.0-h238a007_1014.tar.bz2#abd8e196ad04781818acef26cc451d66
https://conda.anaconda.org/conda-forge/linux-64/libpq-14.2-hd57d9b9_0.tar.bz2#91b38e297e1cc79f88f7cbf7bdb248e0
https://conda.anaconda.org/conda-forge/linux-64/nss-3.74-hb5efdd6_0.tar.bz2#136876ca50177058594f6c2944e95c40
https://conda.anaconda.org/conda-forge/linux-64/openjpeg-2.4.0-hb52868f_1.tar.bz2#b7ad78ad2e9ee155f59e6428406ee824
https://conda.anaconda.org/conda-forge/linux-64/orc-1.7.3-h1be678f_0.tar.bz2#390f40a6ceaa94b3b221599456168856
https://conda.anaconda.org/conda-forge/linux-64/python-3.9.7-hb7a2778_3_cpython.tar.bz2#ab54b978f6f24c485d22a80de0f66bf8
https://conda.anaconda.org/conda-forge/linux-64/xorg-libxext-1.3.4-h7f98852_1.tar.bz2#536cc5db4d0a3ba0630541aec064b5e4
https://conda.anaconda.org/conda-forge/linux-64/xorg-libxrender-0.9.10-h7f98852_1003.tar.bz2#f59c1242cc1dd93e72c2ee2b360979eb
https://conda.anaconda.org/conda-forge/noarch/affine-2.3.0-py_0.tar.bz2#5a9bfe23652d0ad9aa27e56cd75bfe33
https://conda.anaconda.org/conda-forge/noarch/appdirs-1.4.4-pyh9f0ad1d_0.tar.bz2#5f095bc6454094e96f146491fd03633b
https://conda.anaconda.org/conda-forge/noarch/asciitree-0.3.3-py_2.tar.bz2#c0481c9de49f040272556e2cedf42816
https://conda.anaconda.org/conda-forge/noarch/async_generator-1.10-py_0.tar.bz2#d56c596e61b1c4952acf0a9920856c12
https://conda.anaconda.org/conda-forge/noarch/attrs-21.4.0-pyhd8ed1ab_0.tar.bz2#f70280205d7044c8b8358c8de3190e5d
https://conda.anaconda.org/conda-forge/linux-64/aws-sdk-cpp-1.8.186-hb4091e7_3.tar.bz2#3c08d9ee5cb4fe57774405a429f12351
https://conda.anaconda.org/conda-forge/noarch/backcall-0.2.0-pyh9f0ad1d_0.tar.bz2#6006a6d08a3fa99268a2681c7fb55213
https://conda.anaconda.org/conda-forge/noarch/backports-1.0-py_2.tar.bz2#0da16b293affa6ac31812376f8eb79dd
https://conda.anaconda.org/conda-forge/noarch/blinker-1.4-py_1.tar.bz2#fa509a09190583f869ae442bf4d17f5f
https://conda.anaconda.org/conda-forge/linux-64/brunsli-0.1-h9c3ff4c_0.tar.bz2#c1ac6229d0bfd14f8354ff9ad2a26cad
https://conda.anaconda.org/conda-forge/noarch/cached_property-1.5.2-pyha770c72_1.tar.bz2#576d629e47797577ab0f1b351297ef4a
https://conda.anaconda.org/conda-forge/noarch/cachetools-5.0.0-pyhd8ed1ab_0.tar.bz2#fadf619797a005b4aacbfc3003d80545
https://conda.anaconda.org/conda-forge/linux-64/cfitsio-4.0.0-h9a35b8e_0.tar.bz2#6b214116ecabe2c5457a93b9763de61d
https://conda.anaconda.org/conda-forge/noarch/charset-normalizer-2.0.12-pyhd8ed1ab_0.tar.bz2#1f5b32dabae0f1893ae3283dac7f799e
https://conda.anaconda.org/conda-forge/noarch/click-7.1.2-pyh9f0ad1d_0.tar.bz2#bd50a970ce07e660c319fdc4d730d3f1
https://conda.anaconda.org/conda-forge/noarch/cloudpickle-2.0.0-pyhd8ed1ab_0.tar.bz2#3a8fc8b627d5fb6af827e126a10a86c6
https://conda.anaconda.org/conda-forge/noarch/colorama-0.4.4-pyh9f0ad1d_0.tar.bz2#c08b4c1326b880ed44f3ffb04803332f
https://conda.anaconda.org/conda-forge/linux-64/curl-7.82.0-h7bff187_0.tar.bz2#631777dcd00a2714cf0c415ffe40c480
https://conda.anaconda.org/conda-forge/noarch/cycler-0.11.0-pyhd8ed1ab_0.tar.bz2#a50559fad0affdbb33729a68669ca1cb
https://conda.anaconda.org/conda-forge/noarch/decorator-5.1.1-pyhd8ed1ab_0.tar.bz2#43afe5ab04e35e17ba28649471dd7364
https://conda.anaconda.org/conda-forge/noarch/defusedxml-0.7.1-pyhd8ed1ab_0.tar.bz2#961b3a227b437d82ad7054484cfa71b2
https://conda.anaconda.org/conda-forge/noarch/entrypoints-0.4-pyhd8ed1ab_0.tar.bz2#3cf04868fee0a029769bd41f4b2fbf2d
https://conda.anaconda.org/conda-forge/noarch/executing-0.8.3-pyhd8ed1ab_0.tar.bz2#8d70f4543c1f701b946f85e9f9a00800
https://conda.anaconda.org/conda-forge/noarch/fasteners-0.17.3-pyhd8ed1ab_0.tar.bz2#348e27e78a5e39090031448c72f66d5e
https://conda.anaconda.org/conda-forge/noarch/flit-core-3.7.1-pyhd8ed1ab_0.tar.bz2#f93822cba5c20161560661988a88f2c0
https://conda.anaconda.org/conda-forge/linux-64/fontconfig-2.13.96-h8e229c2_1.tar.bz2#2c5064e271330e2809499b9895b25d15
https://conda.anaconda.org/conda-forge/noarch/fsspec-2021.11.1-pyhd8ed1ab_0.tar.bz2#a510ec93fdb50775091d2afba98a8acb
https://conda.anaconda.org/conda-forge/noarch/geographiclib-1.52-pyhd8ed1ab_0.tar.bz2#6880e7100ebae550a33ce26663316d85
https://conda.anaconda.org/conda-forge/noarch/geojson-2.5.0-py_0.tar.bz2#b4a361c7b70eeda6342a54555144c419
https://conda.anaconda.org/conda-forge/linux-64/hdf5-1.12.1-nompi_h2386368_104.tar.bz2#9607caa4c7df524ab6ddf6005ffa6731
https://conda.anaconda.org/conda-forge/noarch/heapdict-1.0.1-py_0.tar.bz2#77242bfb1e74a627fb06319b5a2d3b95
https://conda.anaconda.org/conda-forge/noarch/idna-3.3-pyhd8ed1ab_0.tar.bz2#40b50b8b030f5f2f22085c062ed013dd
https://conda.anaconda.org/conda-forge/noarch/ipython_genutils-0.2.0-py_1.tar.bz2#5071c982548b3a20caf70462f04f5287
https://conda.anaconda.org/conda-forge/noarch/jmespath-0.10.0-pyh9f0ad1d_0.tar.bz2#5988f73e79824c7900954539fbfad3fa
https://conda.anaconda.org/conda-forge/noarch/json5-0.9.5-pyh9f0ad1d_0.tar.bz2#10759827a94e6b14996e81fb002c0bda
https://conda.anaconda.org/conda-forge/noarch/jupyterlab_widgets-1.0.2-pyhd8ed1ab_0.tar.bz2#eaff56fe28d1236076aa3bb13c35b434
https://conda.anaconda.org/conda-forge/linux-64/libgoogle-cloud-1.35.0-h6945097_2.tar.bz2#cd98869ef2ab424c943dcd3e1d8cd354
https://conda.anaconda.org/conda-forge/noarch/locket-0.2.0-py_2.tar.bz2#709e8671651c7ec3d1ad07800339ff1d
https://conda.anaconda.org/conda-forge/noarch/munkres-1.1.4-pyh9f0ad1d_0.tar.bz2#2ba8498c1018c1e9c61eb99b973dfe19
https://conda.anaconda.org/conda-forge/noarch/nest-asyncio-1.5.4-pyhd8ed1ab_0.tar.bz2#0d86e4e6ac78912f3f47e0453b124aca
https://conda.anaconda.org/conda-forge/noarch/olefile-0.46-pyh9f0ad1d_1.tar.bz2#0b2e68acc8c78c8cc392b90983481f58
https://conda.anaconda.org/conda-forge/noarch/pamela-1.0.0-py_0.tar.bz2#36f6f18d2f3ae0c93d77a9dbedad08c3
https://conda.anaconda.org/conda-forge/noarch/pandocfilters-1.5.0-pyhd8ed1ab_0.tar.bz2#457c2c8c08e54905d6954e79cb5b5db9
https://conda.anaconda.org/conda-forge/noarch/param-1.12.0-pyh6c4a22f_0.tar.bz2#fe68d614336ad99a3bede46e0c6ca26b
https://conda.anaconda.org/conda-forge/noarch/parso-0.8.3-pyhd8ed1ab_0.tar.bz2#17a565a0c3899244e938cdf417e7b094
https://conda.anaconda.org/conda-forge/noarch/pickleshare-0.7.5-py_1003.tar.bz2#415f0ebb6198cc2801c73438a9fb5761
https://conda.anaconda.org/conda-forge/linux-64/postgresql-14.2-h2510834_0.tar.bz2#4b2d032512ae19e2b215fa48643970b9
https://conda.anaconda.org/conda-forge/linux-64/proj-8.2.0-h277dcde_0.tar.bz2#7ba8c7a9bf1c2fedf4a6d6dc92839baf
https://conda.anaconda.org/conda-forge/noarch/prometheus_client-0.13.1-pyhd8ed1ab_0.tar.bz2#9259acd5dd8746e7721474fa62e046d7
https://conda.anaconda.org/conda-forge/noarch/ptyprocess-0.7.0-pyhd3deb0d_0.tar.bz2#359eeb6536da0e687af562ed265ec263
https://conda.anaconda.org/conda-forge/noarch/pure_eval-0.2.2-pyhd8ed1ab_0.tar.bz2#6784285c7e55cb7212efabc79e4c2883
https://conda.anaconda.org/conda-forge/noarch/pyasn1-0.4.8-py_0.tar.bz2#06d04c9f8f72ac77911db942eda24fb9
https://conda.anaconda.org/conda-forge/noarch/pycparser-2.21-pyhd8ed1ab_0.tar.bz2#076becd9e05608f8dc72757d5f3a91ff
https://conda.anaconda.org/conda-forge/noarch/pyjwt-2.3.0-pyhd8ed1ab_1.tar.bz2#b7bc0de380f114658af5fe57cebdcd9e
https://conda.anaconda.org/conda-forge/noarch/pyparsing-3.0.7-pyhd8ed1ab_0.tar.bz2#727e2216d9c47455d8ddc060eb2caad9
https://conda.anaconda.org/conda-forge/noarch/pyshp-2.2.0-pyhd8ed1ab_0.tar.bz2#2aa546be05be34b8e1744afd327b623f
https://conda.anaconda.org/conda-forge/noarch/python-json-logger-2.0.1-pyh9f0ad1d_0.tar.bz2#aed452f2f9f8bc8b2b0c412975051b5b
https://conda.anaconda.org/conda-forge/linux-64/python_abi-3.9-2_cp39.tar.bz2#39adde4247484de2bb4000122fdcf665
https://conda.anaconda.org/conda-forge/noarch/pytz-2021.3-pyhd8ed1ab_0.tar.bz2#7e4f811bff46a5a6a7e0094921389395
https://conda.anaconda.org/conda-forge/noarch/send2trash-1.8.0-pyhd8ed1ab_0.tar.bz2#edab14119efe85c3bf131ad747e9005c
https://conda.anaconda.org/conda-forge/noarch/simpervisor-0.4-pyhd8ed1ab_0.tar.bz2#12b5f0d11cc26bf386bd9a2f99099648
https://conda.anaconda.org/conda-forge/noarch/six-1.16.0-pyh6c4a22f_0.tar.bz2#e5f25f8dbc060e9a8d912e432202afc2
https://conda.anaconda.org/conda-forge/noarch/sortedcontainers-2.4.0-pyhd8ed1ab_0.tar.bz2#6d6552722448103793743dabfbda532d
https://conda.anaconda.org/conda-forge/noarch/tblib-1.7.0-pyhd8ed1ab_0.tar.bz2#3d4afc31302aa7be471feb6be048ed76
https://conda.anaconda.org/conda-forge/noarch/testpath-0.6.0-pyhd8ed1ab_0.tar.bz2#196b1f0165dbc9ea6f03c3b3419323fd
https://conda.anaconda.org/conda-forge/noarch/threadpoolctl-3.1.0-pyh8a188c0_0.tar.bz2#a2995ee828f65687ac5b1e71a2ab1e0c
https://conda.anaconda.org/conda-forge/noarch/toolz-0.11.2-pyhd8ed1ab_0.tar.bz2#f348d1590550371edfac5ed3c1d44f7e
https://conda.anaconda.org/conda-forge/noarch/traitlets-5.1.1-pyhd8ed1ab_0.tar.bz2#a1bc9765ef9499760e88f568b3a6622c
https://conda.anaconda.org/conda-forge/noarch/typing_extensions-4.1.1-pyha770c72_0.tar.bz2#74761ba7bc682e9009520163a1031ace
https://conda.anaconda.org/conda-forge/noarch/webencodings-0.5.1-py_1.tar.bz2#3563be4c5611a44210d9ba0c16113136
https://conda.anaconda.org/conda-forge/noarch/websocket-client-1.3.1-pyhd8ed1ab_0.tar.bz2#0fa7710a18a1fa033b8337f6515c9de1
https://conda.anaconda.org/conda-forge/noarch/wheel-0.37.1-pyhd8ed1ab_0.tar.bz2#1ca02aaf78d9c70d9a81a3bed5752022
https://conda.anaconda.org/conda-forge/noarch/xyzservices-2022.3.0-pyhd8ed1ab_0.tar.bz2#ea8f723a029168111808b0eb8340c12f
https://conda.anaconda.org/conda-forge/noarch/zipp-3.7.0-pyhd8ed1ab_1.tar.bz2#b689b2cbc8481b224777415e1a193170
https://conda.anaconda.org/conda-forge/noarch/aioitertools-0.10.0-pyhd8ed1ab_0.tar.bz2#d4bf18928b186606eb4f7d413d18ffc0
https://conda.anaconda.org/conda-forge/noarch/asttokens-2.0.5-pyhd8ed1ab_0.tar.bz2#74badce16f060701fee55c39332f5253
https://conda.anaconda.org/conda-forge/noarch/babel-2.9.1-pyh44b312d_0.tar.bz2#74136ed39bfea0832d338df1e58d013e
https://conda.anaconda.org/conda-forge/noarch/cached-property-1.5.2-hd8ed1ab_1.tar.bz2#9b347a7ec10940d3f7941ff6c460b551
https://conda.anaconda.org/conda-forge/linux-64/cairo-1.16.0-ha12eb4b_1010.tar.bz2#e15c0969bf37df9dae513a48ac871a7d
https://conda.anaconda.org/conda-forge/linux-64/certifi-2021.10.8-py39hf3d152e_1.tar.bz2#67982d98030fde9139a64219dbe4db5e
https://conda.anaconda.org/conda-forge/linux-64/cffi-1.15.0-py39h4bc2ebd_0.tar.bz2#f6191bf565dee581e77549d63737751c
https://conda.anaconda.org/conda-forge/noarch/click-plugins-1.1.1-py_0.tar.bz2#4fd2c6b53934bd7d96d1f3fdaf99b79f
https://conda.anaconda.org/conda-forge/noarch/cligj-0.7.2-pyhd8ed1ab_1.tar.bz2#a29b7c141d6b2de4bb67788a5f107734
https://conda.anaconda.org/conda-forge/linux-64/cytoolz-0.11.2-py39h3811e60_1.tar.bz2#fca41893970eeb22f31e53c50c22dbbd
https://conda.anaconda.org/conda-forge/linux-64/debugpy-1.5.1-py39he80948d_0.tar.bz2#111c5b430676182de0f0f038233ba3a4
https://conda.anaconda.org/conda-forge/linux-64/frozenlist-1.3.0-py39h3811e60_0.tar.bz2#53b2b0b099149341f51ceb1a64556673
https://conda.anaconda.org/conda-forge/noarch/geopy-2.2.0-pyhd8ed1ab_0.tar.bz2#07259c829ac940ca470525a74d4b5eb1
https://conda.anaconda.org/conda-forge/linux-64/geotiff-1.7.0-h90a4e78_5.tar.bz2#512429d22b756a8b04efce724021dc22
https://conda.anaconda.org/conda-forge/linux-64/greenlet-1.1.2-py39he80948d_1.tar.bz2#4b440bda7b4cca6303c6dd9c04cb9fc9
https://conda.anaconda.org/conda-forge/linux-64/importlib-metadata-4.11.2-py39hf3d152e_0.tar.bz2#ec53eb7168d8445c1210ca68f2d0a6c3
https://conda.anaconda.org/conda-forge/noarch/importlib_resources-5.4.0-pyhd8ed1ab_0.tar.bz2#9fb134dbabe7851a9d71411064b2c30d
https://conda.anaconda.org/conda-forge/linux-64/jedi-0.18.1-py39hf3d152e_0.tar.bz2#4a03392442a5ba884c186f25281ef8a1
https://conda.anaconda.org/conda-forge/linux-64/jupyter_core-4.9.2-py39hf3d152e_0.tar.bz2#f5b7cd7077a4aa49aa2615c50cf28e2c
https://conda.anaconda.org/conda-forge/linux-64/kealib-1.4.14-h87e4c3c_3.tar.bz2#41bf142f90ede16fa293161cbeff0335
https://conda.anaconda.org/conda-forge/linux-64/kiwisolver-1.3.2-py39h1a9c180_1.tar.bz2#0692e15dbf6632726be4ed08aaeb37e1
https://conda.anaconda.org/conda-forge/linux-64/libdap4-3.20.6-hd7c4107_2.tar.bz2#c265ae57e3acdc891f3e2b93cf6784f5
https://conda.anaconda.org/conda-forge/linux-64/libnetcdf-4.8.1-nompi_hb3fd0d9_101.tar.bz2#f51a2170153d740fd9324534e71cd8a0
https://conda.anaconda.org/conda-forge/linux-64/libspatialite-5.0.1-hf3ee066_12.tar.bz2#38bf1ccc90ada343288327181e6511d0
https://conda.anaconda.org/conda-forge/linux-64/llvmlite-0.38.0-py39h1bbdace_0.tar.bz2#7e7f00509475d99e7440333946362029
https://conda.anaconda.org/conda-forge/linux-64/markupsafe-2.1.0-py39hb9d737c_1.tar.bz2#207422cd70240a735f7ebf209a775dde
https://conda.anaconda.org/conda-forge/noarch/matplotlib-inline-0.1.3-pyhd8ed1ab_0.tar.bz2#be3bfd435802d2c768c6b2439f325f3d
https://conda.anaconda.org/conda-forge/linux-64/mistune-0.8.4-py39h3811e60_1005.tar.bz2#95eb8cbf40bccdcb34888c9e56371570
https://conda.anaconda.org/conda-forge/linux-64/msgpack-python-1.0.3-py39h1a9c180_0.tar.bz2#dcf9a3380163f6d2680bb7fa452fd0c9
https://conda.anaconda.org/conda-forge/linux-64/multidict-6.0.2-py39h3811e60_0.tar.bz2#ba39931af6099af33d51fb5cfa91edaa
https://conda.anaconda.org/conda-forge/noarch/multipledispatch-0.6.0-py_0.tar.bz2#1073dc92c8f247d94ac14dd79ca0bbec
https://conda.anaconda.org/conda-forge/linux-64/numpy-1.21.4-py39hdbf815f_0.tar.bz2#3ef30a1c931a3cfe564ca5212b3fa8fe
https://conda.anaconda.org/conda-forge/noarch/packaging-21.3-pyhd8ed1ab_0.tar.bz2#71f1ab2de48613876becddd496371c85
https://conda.anaconda.org/conda-forge/noarch/partd-1.2.0-pyhd8ed1ab_0.tar.bz2#0c32f563d7f22e3a34c95cad8cc95651
https://conda.anaconda.org/conda-forge/noarch/pexpect-4.8.0-pyh9f0ad1d_2.tar.bz2#5909e7b978141dd80d28dbf9de627827
https://conda.anaconda.org/conda-forge/linux-64/pillow-8.4.0-py39ha612740_0.tar.bz2#f36987ff4c71212ed574c8a2c190edb3
https://conda.anaconda.org/conda-forge/linux-64/psutil-5.9.0-py39h3811e60_0.tar.bz2#3eebabdf4f0bf1d94a97b67263196868
https://conda.anaconda.org/conda-forge/noarch/pyasn1-modules-0.2.7-py_0.tar.bz2#ad1e886d09700b2304975335f714bd9c
https://conda.anaconda.org/conda-forge/noarch/pyct-core-0.4.6-py_0.tar.bz2#55ec526f95e0959de3f68bc6289a20da
https://conda.anaconda.org/conda-forge/linux-64/pycurl-7.44.1-py39h72e3413_1.tar.bz2#f3fa6db2ea8983102beb98d87eb85c0b
https://conda.anaconda.org/conda-forge/linux-64/pyrsistent-0.18.1-py39h3811e60_0.tar.bz2#ed156d752c577f4e9b62159d5aac8557
https://conda.anaconda.org/conda-forge/linux-64/pysocks-1.7.1-py39hf3d152e_4.tar.bz2#eed9d381f391cad4e96f697e8c74e929
https://conda.anaconda.org/conda-forge/noarch/python-dateutil-2.8.2-pyhd8ed1ab_0.tar.bz2#dd999d1cc9f79e67dbb855c8924c7984
https://conda.anaconda.org/conda-forge/linux-64/python-snappy-0.6.0-py39h300dd49_1.tar.bz2#4a4ad93fae95ce735db53efe6ec39203
https://conda.anaconda.org/conda-forge/noarch/pyu2f-0.1.5-pyhd8ed1ab_0.tar.bz2#caabbeaa83928d0c3e3949261daa18eb
https://conda.anaconda.org/conda-forge/noarch/pyviz_comms-2.1.0-pyhd8ed1ab_0.tar.bz2#9b3f9639f96de0242e0d96f7862c1bc8
https://conda.anaconda.org/conda-forge/linux-64/pyyaml-6.0-py39h3811e60_3.tar.bz2#057928f10b3eaa98b088b7b57c6dabb8
https://conda.anaconda.org/conda-forge/linux-64/pyzmq-22.3.0-py39h37b5a0c_1.tar.bz2#90dbe11c01a89fc6fddb90cbe2672e68
https://conda.anaconda.org/conda-forge/noarch/retrying-1.3.3-py_2.tar.bz2#a11f356d6f93b74b4a84e9501afd48b4
https://conda.anaconda.org/conda-forge/noarch/rsa-4.8-pyhd8ed1ab_0.tar.bz2#0fdcca8ad4e0e66bde199c40f2d1019a
https://conda.anaconda.org/conda-forge/linux-64/rtree-0.9.7-py39hb102c33_3.tar.bz2#9b4fd673da8a0ccbc818fedb2e12442b
https://conda.anaconda.org/conda-forge/linux-64/ruamel.yaml.clib-0.2.6-py39h3811e60_0.tar.bz2#0f9bbd7b79db72e3bc9779432de26427
https://conda.anaconda.org/conda-forge/linux-64/setuptools-59.8.0-py39hf3d152e_0.tar.bz2#d1489d82a6827a2d97e326d317d5a2f1
https://conda.anaconda.org/conda-forge/linux-64/simplejson-3.17.6-py39h3811e60_0.tar.bz2#fc08d967e37694aae7d6e5ff65e55829
https://conda.anaconda.org/conda-forge/linux-64/sniffio-1.2.0-py39hf3d152e_2.tar.bz2#591e48c37143ef758d6ba0da1cf10a6f
https://conda.anaconda.org/conda-forge/linux-64/tiledb-2.5.3-h2038895_0.tar.bz2#3cd4a7ae95455f267e279a1b896e0bb7
https://conda.anaconda.org/conda-forge/linux-64/tornado-6.1-py39h3811e60_2.tar.bz2#5a7bb7af2f3bcf31ee6cd817de1d5011
https://conda.anaconda.org/conda-forge/noarch/tqdm-4.63.0-pyhd8ed1ab_0.tar.bz2#a3a5350ed455a52ddc644831dc294175
https://conda.anaconda.org/conda-forge/noarch/traittypes-0.2.1-pyh9f0ad1d_2.tar.bz2#7d32ccb5334a6822c28af3e864550618
https://conda.anaconda.org/conda-forge/noarch/typing-extensions-4.1.1-hd8ed1ab_0.tar.bz2#9d1b5bbaa13bca480c80893a87a52c4f
https://conda.anaconda.org/conda-forge/linux-64/unicodedata2-14.0.0-py39h3811e60_0.tar.bz2#761841eb91f228f5323e69780d8196e8
https://conda.anaconda.org/conda-forge/linux-64/wrapt-1.13.3-py39h3811e60_1.tar.bz2#ececef5fc5e81e51d4c13991f0da63b2
https://conda.anaconda.org/conda-forge/noarch/zict-2.1.0-pyhd8ed1ab_0.tar.bz2#ff4e65768f39040f71cce422799d0f41
https://conda.anaconda.org/conda-forge/noarch/aiosignal-1.2.0-pyhd8ed1ab_0.tar.bz2#68c9a0ab410c72abd24cbaac57703519
https://conda.anaconda.org/conda-forge/linux-64/anyio-3.5.0-py39hf3d152e_0.tar.bz2#b0d75a9d3fd02ec079504aabb7cd7ec3
https://conda.anaconda.org/conda-forge/linux-64/argon2-cffi-bindings-21.2.0-py39h3811e60_1.tar.bz2#6770ac3b1842046fcb21c2178d67fa32
https://conda.anaconda.org/conda-forge/linux-64/arrow-cpp-7.0.0-py39h6409b3a_2_cpu.tar.bz2#7a13f383222d41abad2922cbbba95db9
https://conda.anaconda.org/conda-forge/noarch/async-timeout-4.0.2-pyhd8ed1ab_0.tar.bz2#25e79f9a1133556671becbd65a170c78
https://conda.anaconda.org/conda-forge/noarch/backports.functools_lru_cache-1.6.4-pyhd8ed1ab_0.tar.bz2#c5b3edc62d6309088f4970b3eaaa65a6
https://conda.anaconda.org/conda-forge/noarch/bleach-4.1.0-pyhd8ed1ab_0.tar.bz2#4a2104c7b22c222bd0fe03aaef12862c
https://conda.anaconda.org/conda-forge/linux-64/brotlipy-0.7.0-py39h3811e60_1003.tar.bz2#9b1975f772d5d8a398c34e539a7ea1a1
https://conda.anaconda.org/conda-forge/linux-64/cftime-1.6.0-py39hd257fcd_0.tar.bz2#3376b5621f84e1c432a4debdf45a9dea
https://conda.anaconda.org/conda-forge/linux-64/cryptography-36.0.1-py39h95dcef6_0.tar.bz2#986821383dd9622121c1a0b8a745b1e2
https://conda.anaconda.org/conda-forge/noarch/dask-core-2021.11.2-pyhd8ed1ab_0.tar.bz2#c3615fd90d2e5b11c5da6ea1f9a5730b
https://conda.anaconda.org/conda-forge/noarch/datashape-0.5.4-py_1.tar.bz2#50ddfce434ea596fc4497085f403a9d5
https://conda.anaconda.org/conda-forge/linux-64/fonttools-4.29.1-py39h3811e60_0.tar.bz2#fb747ad46e937788d945221d9b246300
https://conda.anaconda.org/conda-forge/linux-64/google-crc32c-1.1.2-py39hb81f231_2.tar.bz2#82e3a6c376316be89ec6770553bbfeaa
https://conda.anaconda.org/conda-forge/linux-64/grpcio-1.44.0-py39hff7568b_0.tar.bz2#5c566e4569f83c2fc48376e557ad3ea5
https://conda.anaconda.org/conda-forge/linux-64/h5py-3.6.0-nompi_py39h7e08c79_100.tar.bz2#c13d4942b853efed9a9f4e77d2236cad
https://conda.anaconda.org/conda-forge/linux-64/imagecodecs-2022.2.22-py39hf577088_0.tar.bz2#962e9f4b3eaf3a6561ffb940d5c6b787
https://conda.anaconda.org/conda-forge/noarch/imageio-2.16.1-pyhcf75d05_0.tar.bz2#31ac294c4f558e5a2ca7bf578a6be969
https://conda.anaconda.org/conda-forge/noarch/importlib_metadata-4.11.2-hd8ed1ab_0.tar.bz2#f870905dfe15c43625f094f544d36ebc
https://conda.anaconda.org/conda-forge/noarch/jinja2-3.0.3-pyhd8ed1ab_0.tar.bz2#036d872c653780cb26e797e2e2f61b4c
https://conda.anaconda.org/conda-forge/noarch/joblib-1.1.0-pyhd8ed1ab_0.tar.bz2#07d1b5c8cde14d95998fd4767e1e62d2
https://conda.anaconda.org/conda-forge/noarch/jsonschema-4.4.0-pyhd8ed1ab_0.tar.bz2#17ec41acce882e5db4efdcc4c01ca7e0
https://conda.anaconda.org/conda-forge/noarch/jupyter_client-7.1.2-pyhd8ed1ab_0.tar.bz2#9a332b6f8f05629435ce59032df8cfa9
https://conda.anaconda.org/conda-forge/noarch/mako-1.1.6-pyhd8ed1ab_0.tar.bz2#cb952a55037148f6a5ddd9770ee1384f
https://conda.anaconda.org/conda-forge/noarch/markdown-3.3.6-pyhd8ed1ab_0.tar.bz2#e7cbd93fe74dc4a06b4b494d60c659a9
https://conda.anaconda.org/conda-forge/noarch/mercantile-1.2.1-pyhd8ed1ab_0.tar.bz2#aa20d014b5bd1924727dd86467648a27
https://conda.anaconda.org/conda-forge/noarch/munch-2.5.0-py_0.tar.bz2#31d9e9be500e25ff0050bc9f57a6bcd7
https://conda.anaconda.org/conda-forge/linux-64/numba-0.55.1-py39h56b8d98_0.tar.bz2#7d9178e946708c6e5cddaf80d67628ee
https://conda.anaconda.org/conda-forge/linux-64/numcodecs-0.9.1-py39he80948d_2.tar.bz2#8cd2d62dc2dda0d8b6c9e05596dadfa1
https://conda.anaconda.org/conda-forge/linux-64/pandas-1.3.4-py39hde0f152_1.tar.bz2#8b043715b3ecda6b4546c962aff6f519
https://conda.anaconda.org/conda-forge/noarch/pip-21.3.1-pyhd8ed1ab_0.tar.bz2#e4fe2a9af78ff11f1aced7e62128c6a8
https://conda.anaconda.org/conda-forge/linux-64/poppler-21.11.0-ha39eefc_0.tar.bz2#e8fa8792970ec9278e9ae7e4d0ff2841
https://conda.anaconda.org/conda-forge/linux-64/protobuf-3.19.4-py39he80948d_0.tar.bz2#f4ba2e73188886c1f1de8ececafa583e
https://conda.anaconda.org/conda-forge/linux-64/pydantic-1.9.0-py39h3811e60_0.tar.bz2#1281c7caab964c82a88fde173b330c80
https://conda.anaconda.org/conda-forge/noarch/pygments-2.11.2-pyhd8ed1ab_0.tar.bz2#caef60540e2239e27bf62569a5015e3b
https://conda.anaconda.org/conda-forge/linux-64/pyproj-3.3.0-py39h1b810de_0.tar.bz2#eeacf31b5d67aff458b67307a1cb8c98
https://conda.anaconda.org/conda-forge/linux-64/pywavelets-1.2.0-py39hce5d2b2_1.tar.bz2#d17fd9318903973e723401a24b3eb5bc
https://conda.anaconda.org/conda-forge/linux-64/ruamel.yaml-0.17.21-py39h3811e60_0.tar.bz2#3517c02a6f88865662418aae06b0160f
https://conda.anaconda.org/conda-forge/linux-64/scipy-1.7.3-py39hee8e79c_0.tar.bz2#c3a582733e173e5d46696af9022a848c
https://conda.anaconda.org/conda-forge/linux-64/shapely-1.8.0-py39h98e2149_4.tar.bz2#2693da00229a8fc227d1e2c204414601
https://conda.anaconda.org/conda-forge/noarch/snuggs-1.4.7-py_0.tar.bz2#cb83a3d6ecf73f50117635192414426a
https://conda.anaconda.org/conda-forge/linux-64/sqlalchemy-1.4.32-py39hb9d737c_0.tar.bz2#8644da95c4d388d468b60f81b26e574d
https://conda.anaconda.org/conda-forge/noarch/stack_data-0.2.0-pyhd8ed1ab_0.tar.bz2#8c0ce3e6bf18a0c810125aef58a2a6f3
https://conda.anaconda.org/conda-forge/linux-64/terminado-0.13.3-py39hf3d152e_0.tar.bz2#449163136c4da4e2dddf3ece6d4d812b
https://conda.anaconda.org/conda-forge/linux-64/yarl-1.7.2-py39h3811e60_1.tar.bz2#7bc588bc3977eb67415ac6ff36b94535
https://conda.anaconda.org/conda-forge/linux-64/aiohttp-3.8.1-py39h3811e60_0.tar.bz2#bfff067db479e38f7e38de03716e4eac
https://conda.anaconda.org/conda-forge/noarch/alembic-1.7.6-pyhd8ed1ab_0.tar.bz2#288a6b396cb87a88b48905f5ebfe1971
https://conda.anaconda.org/conda-forge/noarch/argon2-cffi-21.3.0-pyhd8ed1ab_0.tar.bz2#a0b402db58f73aaab8ee0ca1025a362e
https://conda.anaconda.org/conda-forge/linux-64/bokeh-2.4.2-py39hf3d152e_0.tar.bz2#939db7a92f45c9d2fed55abdd3aa8507
https://conda.anaconda.org/conda-forge/noarch/branca-0.4.2-pyhd8ed1ab_0.tar.bz2#836c975d3ae4f21c3cd047c10b15a7cf
https://conda.anaconda.org/conda-forge/linux-64/distributed-2021.11.2-py39hf3d152e_0.tar.bz2#8557d3ef45f37910f63bfa8322e17fa8
https://conda.anaconda.org/conda-forge/noarch/geopandas-base-0.10.2-pyha770c72_1.tar.bz2#10584badfcd9fa04e6fc9a4d5dad1513
https://conda.anaconda.org/conda-forge/noarch/google-resumable-media-2.1.0-pyh6c4a22f_0.tar.bz2#e1cbf17b3305a36baa745f34e364ca49
https://conda.anaconda.org/conda-forge/linux-64/googleapis-common-protos-1.54.0-py39hf3d152e_0.tar.bz2#9c640569d123db742a93dc1a71cc8679
https://conda.anaconda.org/conda-forge/noarch/jupyter_telemetry-0.1.0-pyhd8ed1ab_1.tar.bz2#bb9ebdb6d5aa2622484aff1faceee181
https://conda.anaconda.org/conda-forge/noarch/jupyterlab_pygments-0.1.2-pyh9f0ad1d_0.tar.bz2#2cbd910890bb328e8959246a1e16fac7
https://conda.anaconda.org/conda-forge/linux-64/libgdal-3.4.0-hbe510e8_12.tar.bz2#a1136abecef95f14bd0e9a99b8988702
https://conda.anaconda.org/conda-forge/linux-64/matplotlib-base-3.5.0-py39h2fa2bec_0.tar.bz2#429308f24e184b438657d933723f396b
https://conda.anaconda.org/conda-forge/noarch/morecantile-3.0.5-pyhd8ed1ab_0.tar.bz2#1d3f893e26ef041808485aae9d55205e
https://conda.anaconda.org/conda-forge/noarch/nbformat-5.1.3-pyhd8ed1ab_0.tar.bz2#bafa5df6d4f8db69a4d197b4657127e7
https://conda.anaconda.org/conda-forge/linux-64/netcdf4-1.5.8-nompi_py39h64b754b_101.tar.bz2#75875ec36c7d80400bd7bb0b23fab429
https://conda.anaconda.org/conda-forge/noarch/oauthlib-3.2.0-pyhd8ed1ab_0.tar.bz2#ecc95c82c788737d6d33f5d564566d89
https://conda.anaconda.org/conda-forge/noarch/parquet-cpp-1.5.1-2.tar.bz2#79a5f78c42817594ae016a7896521a97
https://conda.anaconda.org/conda-forge/noarch/patsy-0.5.2-pyhd8ed1ab_0.tar.bz2#2e4e8be763551f60bbfcc22b650e5d49
https://conda.anaconda.org/conda-forge/noarch/pyopenssl-22.0.0-pyhd8ed1ab_0.tar.bz2#1d7e241dfaf5475e893d4b824bb71b44
https://conda.anaconda.org/conda-forge/linux-64/scikit-learn-1.0.1-py39h4dfa638_3.tar.bz2#eda973d26db3839844e138eb14c34c6b
https://conda.anaconda.org/conda-forge/noarch/tifffile-2022.2.9-pyhd8ed1ab_0.tar.bz2#619b7bd585e11ae063c72e2cf9880145
https://conda.anaconda.org/conda-forge/noarch/wcwidth-0.2.5-pyh9f0ad1d_2.tar.bz2#5266fcd697043c59621fda522b3d78ee
https://conda.anaconda.org/conda-forge/noarch/xarray-2022.3.0-pyhd8ed1ab_0.tar.bz2#46e2d57d8ddb0ddef0f3abd516d7e99a
https://conda.anaconda.org/conda-forge/noarch/zarr-2.10.3-pyhd8ed1ab_0.tar.bz2#e3e09051fcbef944db14078e1ac96a5d
https://conda.anaconda.org/conda-forge/linux-64/cartopy-0.20.1-py39h8394fad_5.tar.bz2#5c8144b2b825f9d14c577946ed1379b2
https://conda.anaconda.org/conda-forge/noarch/certipy-0.1.3-py_0.tar.bz2#23486713ef5712923e7c57cae609b22e
https://conda.anaconda.org/conda-forge/noarch/dask-2021.11.2-pyhd8ed1ab_0.tar.bz2#984834c5daa0ee3edbb0cefa53b873a5
https://conda.anaconda.org/conda-forge/noarch/descartes-1.1.0-py_4.tar.bz2#32fa3526c15250ccf353f1ce905f50b3
https://conda.anaconda.org/conda-forge/linux-64/gdal-3.4.0-py39h0494519_12.tar.bz2#bf1143ba55a9308f59901ed7c1eb7bd3
https://conda.anaconda.org/conda-forge/noarch/matplotlib-scalebar-0.8.0-pyhd8ed1ab_0.tar.bz2#833309e1edb13ead88caeb019262becd
https://conda.anaconda.org/conda-forge/noarch/nbclient-0.5.12-pyhd8ed1ab_0.tar.bz2#423a3bd7c72191917046a31c814ef30f
https://conda.anaconda.org/conda-forge/noarch/networkx-2.7.1-pyhd8ed1ab_0.tar.bz2#5dfa0a6029a8eb2f337578e2950a3eaa
https://conda.anaconda.org/conda-forge/noarch/prompt-toolkit-3.0.27-pyha770c72_0.tar.bz2#6c23d05d56ee3a82b57af972a8509888
https://conda.anaconda.org/conda-forge/linux-64/pyarrow-7.0.0-py39hff6fa39_2_cpu.tar.bz2#4be928b7b177c6d4857b6b341c3e1aba
https://conda.anaconda.org/conda-forge/linux-64/rasterio-1.2.10-py39he0fb565_3.tar.bz2#a2e739fd18f877eeb481aebd9d16a64a
https://conda.anaconda.org/conda-forge/noarch/seaborn-base-0.11.2-pyhd8ed1ab_0.tar.bz2#fe2303dc8f1febeb82d927ce8ad153ed
https://conda.anaconda.org/conda-forge/linux-64/statsmodels-0.13.2-py39hce5d2b2_0.tar.bz2#0d4a4a2f2e52548519a76262839494c9
https://conda.anaconda.org/conda-forge/noarch/urllib3-1.26.8-pyhd8ed1ab_1.tar.bz2#53f1387c68c21cecb386e2cde51b3f7c
https://conda.anaconda.org/conda-forge/noarch/botocore-1.22.8-pyhd8ed1ab_0.tar.bz2#4b2c7662eeed7392d4b7d296204b59bc
https://conda.anaconda.org/conda-forge/linux-64/fiona-1.8.20-py39hc5a795b_4.tar.bz2#c2db83bbae348b5554c223f7b50faf82
https://conda.anaconda.org/conda-forge/linux-64/ipython-8.1.1-py39hf3d152e_0.tar.bz2#f28cb7231a529f78f06f7576b3df8512
https://conda.anaconda.org/conda-forge/noarch/mapclassify-2.4.3-pyhd8ed1ab_0.tar.bz2#908bbfb54da154042c5cbda77b37a3d1
https://conda.anaconda.org/conda-forge/linux-64/nbconvert-6.4.2-py39hf3d152e_0.tar.bz2#d2f1f72d559c90940a2e7de61d717147
https://conda.anaconda.org/conda-forge/noarch/requests-2.26.0-pyhd8ed1ab_1.tar.bz2#358581cc782802270d77c454c73a811a
https://conda.anaconda.org/conda-forge/noarch/rio-cogeo-3.0.1-pyhd8ed1ab_0.tar.bz2#6dab16b615e00c562110697483769d63
https://conda.anaconda.org/conda-forge/noarch/rioxarray-0.9.0-pyhd8ed1ab_0.tar.bz2#242157795479aa5d72129e15cd462abe
https://conda.anaconda.org/conda-forge/noarch/seaborn-0.11.2-hd8ed1ab_0.tar.bz2#e56b6a19f4b717eca7c68ad78196b075
https://conda.anaconda.org/conda-forge/noarch/spatialpandas-0.4.3-pyhd8ed1ab_0.tar.bz2#152d2f89de986fc90dc872c9f1e54a4f
https://conda.anaconda.org/conda-forge/noarch/aiobotocore-2.0.1-pyhd8ed1ab_0.tar.bz2#c40963761564e168f778bd51ce5aa0e4
https://conda.anaconda.org/conda-forge/noarch/contextily-1.2.0-pyhd8ed1ab_0.tar.bz2#78c44259058012d8ec79f2be84d69dab
https://conda.anaconda.org/conda-forge/noarch/folium-0.12.1.post1-pyhd8ed1ab_1.tar.bz2#44912901b45260e4338447b9d46f7058
https://conda.anaconda.org/conda-forge/noarch/google-auth-2.6.0-pyh6c4a22f_1.tar.bz2#9dbcdcaec0c850cfdeb9c2eb6fc69e13
https://conda.anaconda.org/conda-forge/noarch/intake-0.6.4-pyhd8ed1ab_0.tar.bz2#f12cb55e65ed79bedf1723692eeb7c2f
https://conda.anaconda.org/conda-forge/linux-64/ipykernel-6.9.1-py39hef51801_0.tar.bz2#aa8426b18c9412c8721fb70eea2a5934
https://conda.anaconda.org/conda-forge/noarch/jupyter_server-1.13.5-pyhd8ed1ab_1.tar.bz2#5cb81e12e94ad8d9b20fa40e8dd32711
https://conda.anaconda.org/conda-forge/linux-64/jupyterhub-base-1.4.2-py39hf3d152e_0.tar.bz2#07d2be5eb6460d504a0291cb2aa8328a
https://conda.anaconda.org/conda-forge/noarch/pooch-1.6.0-pyhd8ed1ab_0.tar.bz2#6429e1d1091c51f626b5dcfdd38bf429
https://conda.anaconda.org/conda-forge/noarch/pyct-0.4.6-py_0.tar.bz2#42d91c89bc3993ec88681cffd3c0e326
https://conda.anaconda.org/conda-forge/noarch/rasterstats-0.16.0-pyhd8ed1ab_0.tar.bz2#7765e27f60031e1d8995c6d43a353865
https://conda.anaconda.org/conda-forge/noarch/requests-oauthlib-1.3.1-pyhd8ed1ab_0.tar.bz2#61b279f051eef9c89d58f4d813e75e04
https://conda.anaconda.org/conda-forge/noarch/colorcet-3.0.0-pyhd8ed1ab_0.tar.bz2#a0e9e38c882d910825389de5371c5429
https://conda.anaconda.org/conda-forge/noarch/geopandas-0.10.2-pyhd8ed1ab_1.tar.bz2#0682614964c1319304cfa554cbce90f0
https://conda.anaconda.org/conda-forge/noarch/google-api-core-2.5.0-pyhd8ed1ab_0.tar.bz2#70c3b200b64a5f1cc39c94647dfb0c0b
https://conda.anaconda.org/conda-forge/noarch/google-auth-oauthlib-0.5.0-pyhd8ed1ab_0.tar.bz2#f10a9f4297e4516ee1a75ff6656d3007
https://conda.anaconda.org/conda-forge/noarch/jupyter-server-proxy-3.2.0-pyhd8ed1ab_0.tar.bz2#d0788ddd1eff8661a645462a10e61903
https://conda.anaconda.org/conda-forge/noarch/jupyterlab_server-2.10.3-pyhd8ed1ab_0.tar.bz2#65d62a616bed5237b85b9e2a88378ec0
https://conda.anaconda.org/conda-forge/noarch/notebook-6.4.8-pyha770c72_0.tar.bz2#87d880386179ed952a9d656faf2ff860
https://conda.anaconda.org/conda-forge/noarch/notebook-shim-0.1.0-pyhd8ed1ab_0.tar.bz2#3a8e2c7dcc674f2cb0784f1faba57055
https://conda.anaconda.org/conda-forge/noarch/panel-0.12.4-pyhd8ed1ab_0.tar.bz2#666d334743eb3c21290d34b68c6d7e26
https://conda.anaconda.org/conda-forge/noarch/s3fs-2021.11.1-pyhd8ed1ab_0.tar.bz2#8ba1f7ed15a62c21247789d3b08656a2
https://conda.anaconda.org/conda-forge/linux-64/scikit-image-0.18.3-py39hde0f152_1.tar.bz2#22d942e1c3b94e0c4f8306b71a020b20
https://conda.anaconda.org/conda-forge/noarch/datashader-0.13.0-pyh6c4a22f_0.tar.bz2#bcc353a756d4ad98b97fcc5aa1f9ce4c
https://conda.anaconda.org/conda-forge/noarch/google-cloud-core-2.2.2-pyh6c4a22f_0.tar.bz2#5e07884f8de0b9dcd367f791e6e98b86
https://conda.anaconda.org/conda-forge/noarch/holoviews-1.14.6-pyhd8ed1ab_0.tar.bz2#c8a2406d841bf6565ddec6e9bfefec45
https://conda.anaconda.org/conda-forge/linux-64/jupyterhub-singleuser-1.4.2-py39hf3d152e_0.tar.bz2#176c4f6b76330d7c6f8534640c6cc193
https://conda.anaconda.org/conda-forge/noarch/nbclassic-0.3.6-pyhd8ed1ab_0.tar.bz2#89bee2648e4405c443f8272f149c1dc0
https://conda.anaconda.org/conda-forge/noarch/nbgitpuller-1.0.2-pyhd8ed1ab_0.tar.bz2#3a491de2b9260af7e4df2b9e0de2fc0a
https://conda.anaconda.org/conda-forge/linux-64/widgetsnbextension-3.5.2-py39hf3d152e_1.tar.bz2#26c83eb2efd87c9bbef958b9f7117559
https://conda.anaconda.org/conda-forge/noarch/geoviews-core-1.9.2-pyha770c72_0.tar.bz2#49d7d82589ef5fada21b8bbad55326e5
https://conda.anaconda.org/conda-forge/noarch/google-cloud-storage-2.1.0-pyh6c4a22f_0.tar.bz2#e76340074d116a15935b972757e3cd59
https://conda.anaconda.org/conda-forge/noarch/hvplot-0.7.3-pyh6c4a22f_0.tar.bz2#0a95d235289e51e45cb355c9713fd9c4
https://conda.anaconda.org/conda-forge/noarch/ipywidgets-7.6.3-pyhd3deb0d_0.tar.bz2#536a9ed6d9e740f2b83d1a3c388e4388
https://conda.anaconda.org/conda-forge/noarch/jupyterlab-3.1.17-pyhd8ed1ab_0.tar.bz2#22bf1d0a87a7015dc51140372ea950fa
https://conda.anaconda.org/conda-forge/noarch/xarray-spatial-0.2.7-pyhd8ed1ab_0.tar.bz2#28401edc43090998f4ef87c848b79d0f
https://conda.anaconda.org/conda-forge/noarch/dask-labextension-5.1.0-pyhd8ed1ab_1.tar.bz2#9250d6337af98e617fda247cc931ebe1
https://conda.anaconda.org/conda-forge/noarch/gcsfs-2021.11.1-pyhd8ed1ab_0.tar.bz2#05b206ab3e0e16d98078d9101d472681
https://conda.anaconda.org/conda-forge/noarch/geoviews-1.9.2-pyhd8ed1ab_0.tar.bz2#edfab871814ab14ded60067e404e8315
https://conda.anaconda.org/conda-forge/noarch/ipyleaflet-0.15.0-pyhd8ed1ab_3.tar.bz2#07e75c9141ac57be63e19acea463da2b
https://conda.anaconda.org/conda-forge/noarch/ipympl-0.8.2-pyhd8ed1ab_0.tar.bz2#a481d8659f8fa19fb65f542fa55a917a
